
Microsoft Visual Studio Solution File, Format Version 12.00
# Visual Studio 15
VisualStudioVersion = 15.0.28307.1758
MinimumVisualStudioVersion = 10.0.40219.1
Project("{FAE04EC0-301F-11D3-BF4B-00C04F79EFBC}") = "EqualsMethod", "EqualsMethod\EqualsMethod.csproj", "{C21C83D6-8031-428D-9202-A9B799F9A765}"
EndProject
Global
	GlobalSection(SolutionConfigurationPlatforms) = preSolution
		Debug|Any CPU = Debug|Any CPU
		Release|Any CPU = Release|Any CPU
	EndGlobalSection
	GlobalSection(ProjectConfigurationPlatforms) = postSolution
		{C21C83D6-8031-428D-9202-A9B799F9A765}.Debug|Any CPU.ActiveCfg = Debug|Any CPU
		{C21C83D6-8031-428D-9202-A9B799F9A765}.Debug|Any CPU.Build.0 = Debug|Any CPU
		{C21C83D6-8031-428D-9202-A9B799F9A765}.Release|Any CPU.ActiveCfg = Release|Any CPU
		{C21C83D6-8031-428D-9202-A9B799F9A765}.Release|Any CPU.Build.0 = Release|Any CPU
	EndGlobalSection
	GlobalSection(SolutionProperties) = preSolution
		HideSolutionNode = FALSE
	EndGlobalSection
	GlobalSection(ExtensibilityGlobals) = postSolution
		SolutionGuid = {8F44F76F-AC7B-4BE3-A726-2A5EB1A2FB5E}
	EndGlobalSection
EndGlobal
